<?xml version="1.0" encoding="utf-8"?>
<Project ToolsVersion="4.0" xmlns="http://schemas.microsoft.com/developer/msbuild/2003">
  <ItemGroup>
    <ClCompile Include="Sources\Arkanoid.cpp" />
    <ClCompile Include="Sources\Screens\Menu.cpp">
      <Filter>States</Filter>
    </ClCompile>
    <ClCompile Include="Sources\SaveGame.cpp" />
    <ClCompile Include="Sources\Screens\Intro.cpp">
      <Filter>States</Filter>
    </ClCompile>
    <ClCompile Include="Sources\Screens\Gameplay.cpp">
      <Filter>States</Filter>
    </ClCompile>
    <ClCompile Include="Sources\Ball.cpp">
      <Filter>Game\Objects</Filter>
    </ClCompile>
    <ClCompile Include="Sources\Debris.cpp">
      <Filter>Game\Objects</Filter>
    </ClCompile>
    <ClCompile Include="Sources\Laser.cpp">
      <Filter>Game\Objects</Filter>
    </ClCompile>
    <ClCompile Include="Sources\Ship.cpp">
      <Filter>Game\Objects</Filter>
    </ClCompile>
    <ClCompile Include="Sources\Tile.cpp">
      <Filter>Game\Levels</Filter>
    </ClCompile>
    <ClCompile Include="Sources\StaticTile.cpp">
      <Filter>Game\Levels</Filter>
    </ClCompile>
    <ClCompile Include="Sources\AnimatedTile.cpp">
      <Filter>Game\Levels</Filter>
    </ClCompile>
    <ClCompile Include="Sources\PowerManager.cpp">
      <Filter>Game\Powers</Filter>
    </ClCompile>
    <ClCompile Include="Sources\Power.cpp">
      <Filter>Game\Powers</Filter>
    </ClCompile>
    <ClCompile Include="Sources\Powers\PlayerPower.cpp">
      <Filter>Game\Powers</Filter>
    </ClCompile>
    <ClCompile Include="Sources\Powers\SlowPower.cpp">
      <Filter>Game\Powers</Filter>
    </ClCompile>
    <ClCompile Include="Sources\BallManager.cpp">
      <Filter>Game\Objects</Filter>
    </ClCompile>
    <ClCompile Include="Sources\MovingObject.cpp">
      <Filter>Game\Objects</Filter>
    </ClCompile>
    <ClCompile Include="Sources\Powers\DisruptPower.cpp">
      <Filter>Game\Powers</Filter>
    </ClCompile>
    <ClCompile Include="Sources\Powers\ExpandPower.cpp">
      <Filter>Game\Powers</Filter>
    </ClCompile>
    <ClCompile Include="Sources\Powers\LaserPower.cpp">
      <Filter>Game\Powers</Filter>
    </ClCompile>
    <ClCompile Include="Sources\LaserManager.cpp">
      <Filter>Game\Objects</Filter>
    </ClCompile>
    <ClCompile Include="Sources\Powers\BreakPower.cpp">
      <Filter>Game\Powers</Filter>
    </ClCompile>
    <ClCompile Include="Sources\Powers\CatchPower.cpp">
      <Filter>Game\Powers</Filter>
    </ClCompile>
    <ClCompile Include="Sources\DebrisManager.cpp">
      <Filter>Game\Objects</Filter>
    </ClCompile>
    <ClCompile Include="Sources\GameLevel.cpp">
      <Filter>Game\Levels</Filter>
    </ClCompile>
  </ItemGroup>
  <ItemGroup>
    <Filter Include="States">
      <UniqueIdentifier>{f43c630f-81bc-4cc5-bccf-7efe944ddd51}</UniqueIdentifier>
    </Filter>
    <Filter Include="Game">
      <UniqueIdentifier>{3039bdb9-5ffd-46f6-9485-ced8bdab0f9a}</UniqueIdentifier>
    </Filter>
    <Filter Include="Game\Levels">
      <UniqueIdentifier>{d2a9f447-cd44-41b9-acc3-72f1bc148dfa}</UniqueIdentifier>
    </Filter>
    <Filter Include="Game\Objects">
      <UniqueIdentifier>{e5eab6eb-69c8-4d15-8a93-a9a2788779ce}</UniqueIdentifier>
    </Filter>
    <Filter Include="Game\Powers">
      <UniqueIdentifier>{c37d92d0-24d8-4c67-88ce-4ebb2a04182b}</UniqueIdentifier>
    </Filter>
  </ItemGroup>
  <ItemGroup>
    <ClInclude Include="Includes\Config.h" />
    <ClInclude Include="Includes\Screens\Menu.h">
      <Filter>States</Filter>
    </ClInclude>
    <ClInclude Include="Includes\SaveGame.h" />
    <ClInclude Include="Includes\Screens\Intro.h">
      <Filter>States</Filter>
    </ClInclude>
    <ClInclude Include="Includes\Screens\Gameplay.h">
      <Filter>States</Filter>
    </ClInclude>
    <ClInclude Include="Includes\Ball.h">
      <Filter>Game\Objects</Filter>
    </ClInclude>
    <ClInclude Include="Includes\Debris.h">
      <Filter>Game\Objects</Filter>
    </ClInclude>
    <ClInclude Include="Includes\Laser.h">
      <Filter>Game\Objects</Filter>
    </ClInclude>
    <ClInclude Include="Includes\Ship.h">
      <Filter>Game\Objects</Filter>
    </ClInclude>
    <ClInclude Include="Includes\Tile.h">
      <Filter>Game\Levels</Filter>
    </ClInclude>
    <ClInclude Include="Includes\StaticTile.h">
      <Filter>Game\Levels</Filter>
    </ClInclude>
    <ClInclude Include="Includes\AnimatedTile.h">
      <Filter>Game\Levels</Filter>
    </ClInclude>
    <ClInclude Include="Includes\PowerManager.h">
      <Filter>Game\Powers</Filter>
    </ClInclude>
    <ClInclude Include="Includes\Power.h">
      <Filter>Game\Powers</Filter>
    </ClInclude>
    <ClInclude Include="Includes\Powers\PlayerPower.h">
      <Filter>Game\Powers</Filter>
    </ClInclude>
    <ClInclude Include="Includes\Powers\SlowPower.h">
      <Filter>Game\Powers</Filter>
    </ClInclude>
    <ClInclude Include="Includes\BallManager.h">
      <Filter>Game\Objects</Filter>
    </ClInclude>
    <ClInclude Include="Includes\MovingObject.h">
      <Filter>Game\Objects</Filter>
    </ClInclude>
    <ClInclude Include="Includes\Powers\DisruptPower.h">
      <Filter>Game\Powers</Filter>
    </ClInclude>
    <ClInclude Include="Includes\Powers\ExpandPower.h">
      <Filter>Game\Powers</Filter>
    </ClInclude>
    <ClInclude Include="Includes\Powers\LaserPower.h">
      <Filter>Game\Powers</Filter>
    </ClInclude>
    <ClInclude Include="Includes\LaserManager.h">
      <Filter>Game\Objects</Filter>
    </ClInclude>
    <ClInclude Include="Includes\Powers\BreakPower.h">
      <Filter>Game\Powers</Filter>
    </ClInclude>
    <ClInclude Include="Includes\Powers\CatchPower.h">
      <Filter>Game\Powers</Filter>
    </ClInclude>
    <ClInclude Include="Includes\DebrisManager.h">
      <Filter>Game\Objects</Filter>
    </ClInclude>
    <ClInclude Include="Includes\GameLevel.h">
      <Filter>Game\Levels</Filter>
    </ClInclude>
  </ItemGroup>
</Project>